// !$*UTF8*$!
{
	archiveVersion = 1;
	classes = {
	};
	objectVersion = 48;
	objects = {

/* Begin PBXBuildFile section */
		86574A5621B1FD2200AFAFED /* PokedexViewController.swift in Sources */ = {isa = PBXBuildFile; fileRef = 86574A5521B1FD2200AFAFED /* PokedexViewController.swift */; };
		86574A5821B201D800AFAFED /* Funciones.swift in Sources */ = {isa = PBXBuildFile; fileRef = 86574A5721B201D800AFAFED /* Funciones.swift */; };
		86F194C921B1C74E00050311 /* AppDelegate.swift in Sources */ = {isa = PBXBuildFile; fileRef = 86F194C821B1C74E00050311 /* AppDelegate.swift */; };
		86F194CB21B1C74E00050311 /* ViewController.swift in Sources */ = {isa = PBXBuildFile; fileRef = 86F194CA21B1C74E00050311 /* ViewController.swift */; };
		86F194CE21B1C74E00050311 /* Main.storyboard in Resources */ = {isa = PBXBuildFile; fileRef = 86F194CC21B1C74E00050311 /* Main.storyboard */; };
		86F194D121B1C74E00050311 /* PokemonGo.xcdatamodeld in Sources */ = {isa = PBXBuildFile; fileRef = 86F194CF21B1C74E00050311 /* PokemonGo.xcdatamodeld */; };
		86F194D321B1C74E00050311 /* Assets.xcassets in Resources */ = {isa = PBXBuildFile; fileRef = 86F194D221B1C74E00050311 /* Assets.xcassets */; };
		86F194D621B1C74E00050311 /* LaunchScreen.storyboard in Resources */ = {isa = PBXBuildFile; fileRef = 86F194D421B1C74E00050311 /* LaunchScreen.storyboard */; };
		86F194DF21B1CAFD00050311 /* MapKit.framework in Frameworks */ = {isa = PBXBuildFile; fileRef = 86F194DE21B1CAFD00050311 /* MapKit.framework */; };
/* End PBXBuildFile section */

/* Begin PBXFileReference section */
		86574A5521B1FD2200AFAFED /* PokedexViewController.swift */ = {isa = PBXFileReference; lastKnownFileType = sourcecode.swift; path = PokedexViewController.swift; sourceTree = "<group>"; };
		86574A5721B201D800AFAFED /* Funciones.swift */ = {isa = PBXFileReference; lastKnownFileType = sourcecode.swift; path = Funciones.swift; sourceTree = "<group>"; };
		86F194C521B1C74E00050311 /* PokemonGo.app */ = {isa = PBXFileReference; explicitFileType = wrapper.application; includeInIndex = 0; path = PokemonGo.app; sourceTree = BUILT_PRODUCTS_DIR; };
		86F194C821B1C74E00050311 /* AppDelegate.swift */ = {isa = PBXFileReference; lastKnownFileType = sourcecode.swift; path = AppDelegate.swift; sourceTree = "<group>"; };
		86F194CA21B1C74E00050311 /* ViewController.swift */ = {isa = PBXFileReference; lastKnownFileType = sourcecode.swift; path = ViewController.swift; sourceTree = "<group>"; };
		86F194CD21B1C74E00050311 /* Base */ = {isa = PBXFileReference; lastKnownFileType = file.storyboard; name = Base; path = Base.lproj/Main.storyboard; sourceTree = "<group>"; };
		86F194D021B1C74E00050311 /* PokemonGo.xcdatamodel */ = {isa = PBXFileReference; lastKnownFileType = wrapper.xcdatamodel; path = PokemonGo.xcdatamodel; sourceTree = "<group>"; };
		86F194D221B1C74E00050311 /* Assets.xcassets */ = {isa = PBXFileReference; lastKnownFileType = folder.assetcatalog; path = Assets.xcassets; sourceTree = "<group>"; };
		86F194D521B1C74E00050311 /* Base */ = {isa = PBXFileReference; lastKnownFileType = file.storyboard; name = Base; path = Base.lproj/LaunchScreen.storyboard; sourceTree = "<group>"; };
		86F194D721B1C74E00050311 /* Info.plist */ = {isa = PBXFileReference; lastKnownFileType = text.plist.xml; path = Info.plist; sourceTree = "<group>"; };
		86F194DE21B1CAFD00050311 /* MapKit.framework */ = {isa = PBXFileReference; lastKnownFileType = wrapper.framework; name = MapKit.framework; path = System/Library/Frameworks/MapKit.framework; sourceTree = SDKROOT; };
/* End PBXFileReference section */

/* Begin PBXFrameworksBuildPhase section */
		86F194C221B1C74E00050311 /* Frameworks */ = {
			isa = PBXFrameworksBuildPhase;
			buildActionMask = 2147483647;
			files = (
				86F194DF21B1CAFD00050311 /* MapKit.framework in Frameworks */,
			);
			runOnlyForDeploymentPostprocessing = 0;
		};
/* End PBXFrameworksBuildPhase section */

/* Begin PBXGroup section */
		86F194BC21B1C74E00050311 = {
			isa = PBXGroup;
			children = (
				86F194C721B1C74E00050311 /* PokemonGo */,
				86F194C621B1C74E00050311 /* Products */,
				86F194DD21B1CAFD00050311 /* Frameworks */,
			);
			sourceTree = "<group>";
		};
		86F194C621B1C74E00050311 /* Products */ = {
			isa = PBXGroup;
			children = (
				86F194C521B1C74E00050311 /* PokemonGo.app */,
			);
			name = Products;
			sourceTree = "<group>";
		};
		86F194C721B1C74E00050311 /* PokemonGo */ = {
			isa = PBXGroup;
			children = (
				86F194C821B1C74E00050311 /* AppDelegate.swift */,
				86F194CA21B1C74E00050311 /* ViewController.swift */,
				86F194CC21B1C74E00050311 /* Main.storyboard */,
				86F194D221B1C74E00050311 /* Assets.xcassets */,
				86F194D421B1C74E00050311 /* LaunchScreen.storyboard */,
				86F194D721B1C74E00050311 /* Info.plist */,
				86F194CF21B1C74E00050311 /* PokemonGo.xcdatamodeld */,
				86574A5521B1FD2200AFAFED /* PokedexViewController.swift */,
				86574A5721B201D800AFAFED /* Funciones.swift */,
			);
			path = PokemonGo;
			sourceTree = "<group>";
		};
		86F194DD21B1CAFD00050311 /* Frameworks */ = {
			isa = PBXGroup;
			children = (
				86F194DE21B1CAFD00050311 /* MapKit.framework */,
			);
			name = Frameworks;
			sourceTree = "<group>";
		};
/* End PBXGroup section */

/* Begin PBXNativeTarget section */
		86F194C421B1C74E00050311 /* PokemonGo */ = {
			isa = PBXNativeTarget;
			buildConfigurationList = 86F194DA21B1C74E00050311 /* Build configuration list for PBXNativeTarget "PokemonGo" */;
			buildPhases = (
				86F194C121B1C74E00050311 /* Sources */,
				86F194C221B1C74E00050311 /* Frameworks */,
				86F194C321B1C74E00050311 /* Resources */,
			);
			buildRules = (
			);
			dependencies = (
			);
			name = PokemonGo;
			productName = PokemonGo;
			productReference = 86F194C521B1C74E00050311 /* PokemonGo.app */;
			productType = "com.apple.product-type.application";
		};
/* End PBXNativeTarget section */

/* Begin PBXProject section */
		86F194BD21B1C74E00050311 /* Project object */ = {
			isa = PBXProject;
			attributes = {
				LastSwiftUpdateCheck = 0920;
				LastUpgradeCheck = 0920;
				ORGANIZATIONNAME = Tecsup;
				TargetAttributes = {
					86F194C421B1C74E00050311 = {
						CreatedOnToolsVersion = 9.2;
						ProvisioningStyle = Automatic;
					};
				};
			};
			buildConfigurationList = 86F194C021B1C74E00050311 /* Build configuration list for PBXProject "PokemonGo" */;
			compatibilityVersion = "Xcode 8.0";
			developmentRegion = en;
			hasScannedForEncodings = 0;
			knownRegions = (
				en,
				Base,
			);
			mainGroup = 86F194BC21B1C74E00050311;
			productRefGroup = 86F194C621B1C74E00050311 /* Products */;
			projectDirPath = "";
			projectRoot = "";
			targets = (
				86F194C421B1C74E00050311 /* PokemonGo */,
			);
		};
/* End PBXProject section */

/* Begin PBXResourcesBuildPhase section */
		86F194C321B1C74E00050311 /* Resources */ = {
			isa = PBXResourcesBuildPhase;
			buildActionMask = 2147483647;
			files = (
				86F194D621B1C74E00050311 /* LaunchScreen.storyboard in Resources */,
				86F194D321B1C74E00050311 /* Assets.xcassets in Resources */,
				86F194CE21B1C74E00050311 /* Main.storyboard in Resources */,
			);
			runOnlyForDeploymentPostprocessing = 0;
		};
/* End PBXResourcesBuildPhase section */

/* Begin PBXSourcesBuildPhase section */
		86F194C121B1C74E00050311 /* Sources */ = {
			isa = PBXSourcesBuildPhase;
			buildActionMask = 2147483647;
			files = (
				86F194CB21B1C74E00050311 /* ViewController.swift in Sources */,
				86574A5621B1FD2200AFAFED /* PokedexViewController.swift in Sources */,
				86F194C921B1C74E00050311 /* AppDelegate.swift in Sources */,
				86F194D121B1C74E00050311 /* PokemonGo.xcdatamodeld in Sources */,
				86574A5821B201D800AFAFED /* Funciones.swift in Sources */,
			);
			runOnlyForDeploymentPostprocessing = 0;
		};
/* End PBXSourcesBuildPhase section */

/* Begin PBXVariantGroup section */
		86F194CC21B1C74E00050311 /* Main.storyboard */ = {
			isa = PBXVariantGroup;
			children = (
				86F194CD21B1C74E00050311 /* Base */,
			);
			name = Main.storyboard;
			sourceTree = "<group>";
		};
		86F194D421B1C74E00050311 /* LaunchScreen.storyboard */ = {
			isa = PBXVariantGroup;
			children = (
				86F194D521B1C74E00050311 /* Base */,
			);
			name = LaunchScreen.storyboard;
			sourceTree = "<group>";
		};
/* End PBXVariantGroup section */

/* Begin XCBuildConfiguration section */
		86F194D821B1C74E00050311 /* Debug */ = {
			isa = XCBuildConfiguration;
			buildSettings = {
				ALWAYS_SEARCH_USER_PATHS = NO;
				CLANG_ANALYZER_NONNULL = YES;
				CLANG_ANALYZER_NUMBER_OBJECT_CONVERSION = YES_AGGRESSIVE;
				CLANG_CXX_LANGUAGE_STANDARD = "gnu++14";
				CLANG_CXX_LIBRARY = "libc++";
				CLANG_ENABLE_MODULES = YES;
				CLANG_ENABLE_OBJC_ARC = YES;
				CLANG_WARN_BLOCK_CAPTURE_AUTORELEASING = YES;
				CLANG_WARN_BOOL_CONVERSION = YES;
				CLANG_WARN_COMMA = YES;
				CLANG_WARN_CONSTANT_CONVERSION = YES;
				CLANG_WARN_DIRECT_OBJC_ISA_USAGE = YES_ERROR;
				CLANG_WARN_DOCUMENTATION_COMMENTS = YES;
				CLANG_WARN_EMPTY_BODY = YES;
				CLANG_WARN_ENUM_CONVERSION = YES;
				CLANG_WARN_INFINITE_RECURSION = YES;
				CLANG_WARN_INT_CONVERSION = YES;
				CLANG_WARN_NON_LITERAL_NULL_CONVERSION = YES;
				CLANG_WARN_OBJC_LITERAL_CONVERSION = YES;
				CLANG_WARN_OBJC_ROOT_CLASS = YES_ERROR;
				CLANG_WARN_RANGE_LOOP_ANALYSIS = YES;
				CLANG_WARN_STRICT_PROTOTYPES = YES;
				CLANG_WARN_SUSPICIOUS_MOVE = YES;
				CLANG_WARN_UNGUARDED_AVAILABILITY = YES_AGGRESSIVE;
				CLANG_WARN_UNREACHABLE_CODE = YES;
				CLANG_WARN__DUPLICATE_METHOD_MATCH = YES;
				CODE_SIGN_IDENTITY = "iPhone Developer";
				COPY_PHASE_STRIP = NO;
				DEBUG_INFORMATION_FORMAT = dwarf;
				ENABLE_STRICT_OBJC_MSGSEND = YES;
				ENABLE_TESTABILITY = YES;
				GCC_C_LANGUAGE_STANDARD = gnu11;
				GCC_DYNAMIC_NO_PIC = NO;
				GCC_NO_COMMON_BLOCKS = YES;
				GCC_OPTIMIZATION_LEVEL = 0;
				GCC_PREPROCESSOR_DEFINITIONS = (
					"DEBUG=1",
					"$(inherited)",
				);
				GCC_WARN_64_TO_32_BIT_CONVERSION = YES;
				GCC_WARN_ABOUT_RETURN_TYPE = YES_ERROR;
				GCC_WARN_UNDECLARED_SELECTOR = YES;
				GCC_WARN_UNINITIALIZED_AUTOS = YES_AGGRESSIVE;
				GCC_WARN_UNUSED_FUNCTION = YES;
				GCC_WARN_UNUSED_VARIABLE = YES;
				IPHONEOS_DEPLOYMENT_TARGET = 11.2;
				MTL_ENABLE_DEBUG_INFO = YES;
				ONLY_ACTIVE_ARCH = YES;
				SDKROOT = iphoneos;
				SWIFT_ACTIVE_COMPILATION_CONDITIONS = DEBUG;
				SWIFT_OPTIMIZATION_LEVEL = "-Onone";
			};
			name = Debug;
		};
		86F194D921B1C74E00050311 /* Release */ = {
			isa = XCBuildConfiguration;
			buildSettings = {
				ALWAYS_SEARCH_USER_PATHS = NO;
				CLANG_ANALYZER_NONNULL = YES;
				CLANG_ANALYZER_NUMBER_OBJECT_CONVERSION = YES_AGGRESSIVE;
				CLANG_CXX_LANGUAGE_STANDARD = "gnu++14";
				CLANG_CXX_LIBRARY = "libc++";
				CLANG_ENABLE_MODULES = YES;
				CLANG_ENABLE_OBJC_ARC = YES;
				CLANG_WARN_BLOCK_CAPTURE_AUTORELEASING = YES;
				CLANG_WARN_BOOL_CONVERSION = YES;
				CLANG_WARN_COMMA = YES;
				CLANG_WARN_CONSTANT_CONVERSION = YES;
				CLANG_WARN_DIRECT_OBJC_ISA_USAGE = YES_ERROR;
				CLANG_WARN_DOCUMENTATION_COMMENTS = YES;
				CLANG_WARN_EMPTY_BODY = YES;
				CLANG_WARN_ENUM_CONVERSION = YES;
				CLANG_WARN_INFINITE_RECURSION = YES;
				CLANG_WARN_INT_CONVERSION = YES;
				CLANG_WARN_NON_LITERAL_NULL_CONVERSION = YES;
				CLANG_WARN_OBJC_LITERAL_CONVERSION = YES;
				CLANG_WARN_OBJC_ROOT_CLASS = YES_ERROR;
				CLANG_WARN_RANGE_LOOP_ANALYSIS = YES;
				CLANG_WARN_STRICT_PROTOTYPES = YES;
				CLANG_WARN_SUSPICIOUS_MOVE = YES;
				CLANG_WARN_UNGUARDED_AVAILABILITY = YES_AGGRESSIVE;
				CLANG_WARN_UNREACHABLE_CODE = YES;
				CLANG_WARN__DUPLICATE_METHOD_MATCH = YES;
				CODE_SIGN_IDENTITY = "iPhone Developer";
				COPY_PHASE_STRIP = NO;
				DEBUG_INFORMATION_FORMAT = "dwarf-with-dsym";
				ENABLE_NS_ASSERTIONS = NO;
				ENABLE_STRICT_OBJC_MSGSEND = YES;
				GCC_C_LANGUAGE_STANDARD = gnu11;
				GCC_NO_COMMON_BLOCKS = YES;
				GCC_WARN_64_TO_32_BIT_CONVERSION = YES;
				GCC_WARN_ABOUT_RETURN_TYPE = YES_ERROR;
				GCC_WARN_UNDECLARED_SELECTOR = YES;
				GCC_WARN_UNINITIALIZED_AUTOS = YES_AGGRESSIVE;
				GCC_WARN_UNUSED_FUNCTION = YES;
				GCC_WARN_UNUSED_VARIABLE = YES;
				IPHONEOS_DEPLOYMENT_TARGET = 11.2;
				MTL_ENABLE_DEBUG_INFO = NO;
				SDKROOT = iphoneos;
				SWIFT_OPTIMIZATION_LEVEL = "-Owholemodule";
				VALIDATE_PRODUCT = YES;
			};
			name = Release;
		};
		86F194DB21B1C74E00050311 /* Debug */ = {
			isa = XCBuildConfiguration;
			buildSettings = {
				ASSETCATALOG_COMPILER_APPICON_NAME = AppIcon;
				CODE_SIGN_STYLE = Automatic;
				DEVELOPMENT_TEAM = B887638J4N;
				INFOPLIST_FILE = PokemonGo/Info.plist;
				LD_RUNPATH_SEARCH_PATHS = "$(inherited) @executable_path/Frameworks";
				PRODUCT_BUNDLE_IDENTIFIER = com.tecsup.PokemonGo;
				PRODUCT_NAME = "$(TARGET_NAME)";
				SWIFT_VERSION = 4.0;
				TARGETED_DEVICE_FAMILY = "1,2";
			};
			name = Debug;
		};
		86F194DC21B1C74E00050311 /* Release */ = {
			isa = XCBuildConfiguration;
			buildSettings = {
				ASSETCATALOG_COMPILER_APPICON_NAME = AppIcon;
				CODE_SIGN_STYLE = Automatic;
				DEVELOPMENT_TEAM = B887638J4N;
				INFOPLIST_FILE = PokemonGo/Info.plist;
				LD_RUNPATH_SEARCH_PATHS = "$(inherited) @executable_path/Frameworks";
				PRODUCT_BUNDLE_IDENTIFIER = com.tecsup.PokemonGo;
				PRODUCT_NAME = "$(TARGET_NAME)";
				SWIFT_VERSION = 4.0;
				TARGETED_DEVICE_FAMILY = "1,2";
			};
			name = Release;
		};
/* End XCBuildConfiguration section */

/* Begin XCConfigurationList section */
		86F194C021B1C74E00050311 /* Build configuration list for PBXProject "PokemonGo" */ = {
			isa = XCConfigurationList;
			buildConfigurations = (
				86F194D821B1C74E00050311 /* Debug */,
				86F194D921B1C74E00050311 /* Release */,
			);
			defaultConfigurationIsVisible = 0;
			defaultConfigurationName = Release;
		};
		86F194DA21B1C74E00050311 /* Build configuration list for PBXNativeTarget "PokemonGo" */ = {
			isa = XCConfigurationList;
			buildConfigurations = (
				86F194DB21B1C74E00050311 /* Debug */,
				86F194DC21B1C74E00050311 /* Release */,
			);
			defaultConfigurationIsVisible = 0;
			defaultConfigurationName = Release;
		};
/* End XCConfigurationList section */

/* Begin XCVersionGroup section */
		86F194CF21B1C74E00050311 /* PokemonGo.xcdatamodeld */ = {
			isa = XCVersionGroup;
			children = (
				86F194D021B1C74E00050311 /* PokemonGo.xcdatamodel */,
			);
			currentVersion = 86F194D021B1C74E00050311 /* PokemonGo.xcdatamodel */;
			path = PokemonGo.xcdatamodeld;
			sourceTree = "<group>";
			versionGroupType = wrapper.xcdatamodel;
		};
/* End XCVersionGroup section */
	};
	rootObject = 86F194BD21B1C74E00050311 /* Project object */;
}
